
Microsoft Visual Studio Solution File, Format Version 12.00
# Visual Studio 15
VisualStudioVersion = 15.0.28307.421
MinimumVisualStudioVersion = 10.0.40219.1
Project("{8BC9CEB8-8B4A-11D0-8D11-00A0C91BC942}") = "Queue Program(Singly Linked List)", "Queue Program(Singly Linked List)\Queue Program(Singly Linked List).vcxproj", "{32682C94-8F6B-412C-828A-CFA6F46F2B4C}"
EndProject
Global
	GlobalSection(SolutionConfigurationPlatforms) = preSolution
		Debug|x64 = Debug|x64
		Debug|x86 = Debug|x86
		Release|x64 = Release|x64
		Release|x86 = Release|x86
	EndGlobalSection
	GlobalSection(ProjectConfigurationPlatforms) = postSolution
		{32682C94-8F6B-412C-828A-CFA6F46F2B4C}.Debug|x64.ActiveCfg = Debug|x64
		{32682C94-8F6B-412C-828A-CFA6F46F2B4C}.Debug|x64.Build.0 = Debug|x64
		{32682C94-8F6B-412C-828A-CFA6F46F2B4C}.Debug|x86.ActiveCfg = Debug|Win32
		{32682C94-8F6B-412C-828A-CFA6F46F2B4C}.Debug|x86.Build.0 = Debug|Win32
		{32682C94-8F6B-412C-828A-CFA6F46F2B4C}.Release|x64.ActiveCfg = Release|x64
		{32682C94-8F6B-412C-828A-CFA6F46F2B4C}.Release|x64.Build.0 = Release|x64
		{32682C94-8F6B-412C-828A-CFA6F46F2B4C}.Release|x86.ActiveCfg = Release|Win32
		{32682C94-8F6B-412C-828A-CFA6F46F2B4C}.Release|x86.Build.0 = Release|Win32
	EndGlobalSection
	GlobalSection(SolutionProperties) = preSolution
		HideSolutionNode = FALSE
	EndGlobalSection
	GlobalSection(ExtensibilityGlobals) = postSolution
		SolutionGuid = {02D4AC1F-BD9A-43D0-999A-ABDCD5B3D241}
	EndGlobalSection
EndGlobal
