
Microsoft Visual Studio Solution File, Format Version 12.00
# Visual Studio 15
VisualStudioVersion = 15.0.28307.421
MinimumVisualStudioVersion = 10.0.40219.1
Project("{8BC9CEB8-8B4A-11D0-8D11-00A0C91BC942}") = "Virtual Integer Stack", "Virtual Integer Stack\Virtual Integer Stack.vcxproj", "{9C188A7B-6EBD-4BB4-8167-E565E1F8125F}"
EndProject
Global
	GlobalSection(SolutionConfigurationPlatforms) = preSolution
		Debug|x64 = Debug|x64
		Debug|x86 = Debug|x86
		Release|x64 = Release|x64
		Release|x86 = Release|x86
	EndGlobalSection
	GlobalSection(ProjectConfigurationPlatforms) = postSolution
		{9C188A7B-6EBD-4BB4-8167-E565E1F8125F}.Debug|x64.ActiveCfg = Debug|x64
		{9C188A7B-6EBD-4BB4-8167-E565E1F8125F}.Debug|x64.Build.0 = Debug|x64
		{9C188A7B-6EBD-4BB4-8167-E565E1F8125F}.Debug|x86.ActiveCfg = Debug|Win32
		{9C188A7B-6EBD-4BB4-8167-E565E1F8125F}.Debug|x86.Build.0 = Debug|Win32
		{9C188A7B-6EBD-4BB4-8167-E565E1F8125F}.Release|x64.ActiveCfg = Release|x64
		{9C188A7B-6EBD-4BB4-8167-E565E1F8125F}.Release|x64.Build.0 = Release|x64
		{9C188A7B-6EBD-4BB4-8167-E565E1F8125F}.Release|x86.ActiveCfg = Release|Win32
		{9C188A7B-6EBD-4BB4-8167-E565E1F8125F}.Release|x86.Build.0 = Release|Win32
	EndGlobalSection
	GlobalSection(SolutionProperties) = preSolution
		HideSolutionNode = FALSE
	EndGlobalSection
	GlobalSection(ExtensibilityGlobals) = postSolution
		SolutionGuid = {5D69B333-7539-42BD-B974-746447FA44A8}
	EndGlobalSection
EndGlobal
